
Microsoft Visual Studio Solution File, Format Version 12.00
# Visual Studio Version 17
VisualStudioVersion = 17.8.34309.116
MinimumVisualStudioVersion = 10.0.40219.1
Project("{FAE04EC0-301F-11D3-BF4B-00C04F79EFBC}") = "SAFX.CodeFactor.Api", "SAFX.CodeFactor.Api\SAFX.CodeFactor.Api.csproj", "{A9FFD68E-964B-45AB-87DC-897C8636B454}"
EndProject
Global
	GlobalSection(SolutionConfigurationPlatforms) = preSolution
		Debug|Any CPU = Debug|Any CPU
		Release|Any CPU = Release|Any CPU
	EndGlobalSection
	GlobalSection(ProjectConfigurationPlatforms) = postSolution
		{A9FFD68E-964B-45AB-87DC-897C8636B454}.Debug|Any CPU.ActiveCfg = Debug|Any CPU
		{A9FFD68E-964B-45AB-87DC-897C8636B454}.Debug|Any CPU.Build.0 = Debug|Any CPU
		{A9FFD68E-964B-45AB-87DC-897C8636B454}.Release|Any CPU.ActiveCfg = Release|Any CPU
		{A9FFD68E-964B-45AB-87DC-897C8636B454}.Release|Any CPU.Build.0 = Release|Any CPU
	EndGlobalSection
	GlobalSection(SolutionProperties) = preSolution
		HideSolutionNode = FALSE
	EndGlobalSection
	GlobalSection(ExtensibilityGlobals) = postSolution
		SolutionGuid = {75205774-5AB4-4700-80EB-27C144DAE5C4}
	EndGlobalSection
EndGlobal
